// !$*UTF8*$!
{
	archiveVersion = 1;
	classes = {
	};
	objectVersion = 46;
	objects = {

/* Begin PBXBuildFile section */
		3BBC3AC0168025A600F41182 /* QuartzCore.framework in Frameworks */ = {isa = PBXBuildFile; fileRef = 3BBC3ABF168025A600F41182 /* QuartzCore.framework */; };
		3BBC3AC2168025BB00F41182 /* CoreData.framework in Frameworks */ = {isa = PBXBuildFile; fileRef = 3BBC3AC1168025BB00F41182 /* CoreData.framework */; };
		3BBC3AC31680262300F41182 /* libCorePlot-CocoaTouch.a in Frameworks */ = {isa = PBXBuildFile; fileRef = 3BBC3ABA1680257100F41182 /* libCorePlot-CocoaTouch.a */; };
		3BBC3AC41680264C00F41182 /* NSString+ParsingExtensions.m in Sources */ = {isa = PBXBuildFile; fileRef = 3BBC3A6B1680254000F41182 /* NSString+ParsingExtensions.m */; };
		3BBC3AC61680266E00F41182 /* CatalogoCuentas.m in Sources */ = {isa = PBXBuildFile; fileRef = 3BBC3A601680250800F41182 /* CatalogoCuentas.m */; };
		3BBC3AC71680267D00F41182 /* CatalogoCuentaDAO.m in Sources */ = {isa = PBXBuildFile; fileRef = 3BBC3A53168024F200F41182 /* CatalogoCuentaDAO.m */; };
		3BBC3AC81680268900F41182 /* CSVProcessBL.m in Sources */ = {isa = PBXBuildFile; fileRef = 3BBC3A4C168024D300F41182 /* CSVProcessBL.m */; };
		3BBC3AC91680269500F41182 /* Estudio.m in Sources */ = {isa = PBXBuildFile; fileRef = 3BBC3A5C1680250800F41182 /* Estudio.m */; };
		3BBC3ACA168026A100F41182 /* EstudioDAO.m in Sources */ = {isa = PBXBuildFile; fileRef = 3BBC3A4F168024F200F41182 /* EstudioDAO.m */; };
		3BBC3ACB168026AD00F41182 /* CuentaPeriodoDAO.m in Sources */ = {isa = PBXBuildFile; fileRef = 3BBC3A51168024F200F41182 /* CuentaPeriodoDAO.m */; };
		3BBC3ACC168026B900F41182 /* PrePopulate.m in Sources */ = {isa = PBXBuildFile; fileRef = 3BBC3A6D1680254000F41182 /* PrePopulate.m */; };
		3BBC3ACD168026C400F41182 /* CuentaPeriodo.m in Sources */ = {isa = PBXBuildFile; fileRef = 3BBC3A5E1680250800F41182 /* CuentaPeriodo.m */; };
		3BBC3ACE168026D200F41182 /* CatalogoRazonesDAO.m in Sources */ = {isa = PBXBuildFile; fileRef = 3BBC3A55168024F200F41182 /* CatalogoRazonesDAO.m */; };
		3BBC3ACF168026DB00F41182 /* CatalogoRazones.m in Sources */ = {isa = PBXBuildFile; fileRef = 3BBC3A681680250800F41182 /* CatalogoRazones.m */; };
		3BBC3AD0168026E800F41182 /* CatalogoSectores.m in Sources */ = {isa = PBXBuildFile; fileRef = 3BBC3A661680250800F41182 /* CatalogoSectores.m */; };
		3BBC3AD1168026F200F41182 /* CatalogoGeografico.m in Sources */ = {isa = PBXBuildFile; fileRef = 3BBC3A641680250800F41182 /* CatalogoGeografico.m */; };
		3BBC3AD2168026FE00F41182 /* ValorRazones.m in Sources */ = {isa = PBXBuildFile; fileRef = 3BBC3A621680250800F41182 /* ValorRazones.m */; };
		3BBC3AD31680271800F41182 /* CatalogoSectoresDAO.m in Sources */ = {isa = PBXBuildFile; fileRef = 3BBC3A57168024F200F41182 /* CatalogoSectoresDAO.m */; };
		3BBC3AD41680272400F41182 /* CatalogoGeograficoDAO.m in Sources */ = {isa = PBXBuildFile; fileRef = 3BBC3A59168024F200F41182 /* CatalogoGeograficoDAO.m */; };
		3BBC3AD51680273200F41182 /* CPDConstants.m in Sources */ = {isa = PBXBuildFile; fileRef = 3BBC3ABC1680258600F41182 /* CPDConstants.m */; };
		3BBC3AD61680273E00F41182 /* CPDStockPriceStore.m in Sources */ = {isa = PBXBuildFile; fileRef = 3BBC3ABE1680258600F41182 /* CPDStockPriceStore.m */; };
		3BBC3AD71680274B00F41182 /* GraphViewController.m in Sources */ = {isa = PBXBuildFile; fileRef = 3BBC3A3916801DE400F41182 /* GraphViewController.m */; };
		3BD6C1BF16810B9800894731 /* FinanPort.xcdatamodeld in Sources */ = {isa = PBXBuildFile; fileRef = 3BD6C1BD16810B9800894731 /* FinanPort.xcdatamodeld */; };
		3BD6C1C616824C1400894731 /* ExportManagerBL.m in Sources */ = {isa = PBXBuildFile; fileRef = 3BD6C1C516824C1400894731 /* ExportManagerBL.m */; };
		3BD6C1CC1682560C00894731 /* MessageUI.framework in Frameworks */ = {isa = PBXBuildFile; fileRef = 3BD6C1CB1682560C00894731 /* MessageUI.framework */; };
		F28D9A071671C23C005467FD /* MainCollectionViewController.m in Sources */ = {isa = PBXBuildFile; fileRef = F28D9A061671C23C005467FD /* MainCollectionViewController.m */; };
		F28D9A131671C394005467FD /* Razon.m in Sources */ = {isa = PBXBuildFile; fileRef = F28D9A121671C394005467FD /* Razon.m */; };
		F28D9A161671C3B8005467FD /* DetailViewController.m in Sources */ = {isa = PBXBuildFile; fileRef = F28D9A151671C3B8005467FD /* DetailViewController.m */; };
		F28D9A191671CEA5005467FD /* RazonCell.m in Sources */ = {isa = PBXBuildFile; fileRef = F28D9A181671CEA5005467FD /* RazonCell.m */; };
		F2C542051676F7F900FA8BCC /* MonthChooserViewController.m in Sources */ = {isa = PBXBuildFile; fileRef = F2C542031676F7F900FA8BCC /* MonthChooserViewController.m */; };
		F2C542061676F7F900FA8BCC /* MonthChooserViewController.xib in Resources */ = {isa = PBXBuildFile; fileRef = F2C542041676F7F900FA8BCC /* MonthChooserViewController.xib */; };
		F2CBBE4A16755F490040F2F1 /* Bussines.m in Sources */ = {isa = PBXBuildFile; fileRef = F2CBBE4916755F490040F2F1 /* Bussines.m */; };
		F2CD5B6A1676EAEF00B627D4 /* pie-graph.png in Resources */ = {isa = PBXBuildFile; fileRef = F2CD5B691676EAEF00B627D4 /* pie-graph.png */; };
		F2DB39FA1672FE8500794613 /* 1.jpg in Resources */ = {isa = PBXBuildFile; fileRef = F2DB39F71672FE8500794613 /* 1.jpg */; };
		F2DB39FB1672FE8500794613 /* 2.jpg in Resources */ = {isa = PBXBuildFile; fileRef = F2DB39F81672FE8500794613 /* 2.jpg */; };
		F2DB39FC1672FE8500794613 /* 3.jpg in Resources */ = {isa = PBXBuildFile; fileRef = F2DB39F91672FE8500794613 /* 3.jpg */; };
		F2E6ACD91671AC7D00573AA0 /* UIKit.framework in Frameworks */ = {isa = PBXBuildFile; fileRef = F2E6ACD81671AC7D00573AA0 /* UIKit.framework */; };
		F2E6ACDB1671AC7D00573AA0 /* Foundation.framework in Frameworks */ = {isa = PBXBuildFile; fileRef = F2E6ACDA1671AC7D00573AA0 /* Foundation.framework */; };
		F2E6ACDD1671AC7D00573AA0 /* CoreGraphics.framework in Frameworks */ = {isa = PBXBuildFile; fileRef = F2E6ACDC1671AC7D00573AA0 /* CoreGraphics.framework */; };
		F2E6ACE31671AC7D00573AA0 /* InfoPlist.strings in Resources */ = {isa = PBXBuildFile; fileRef = F2E6ACE11671AC7D00573AA0 /* InfoPlist.strings */; };
		F2E6ACE51671AC7D00573AA0 /* main.m in Sources */ = {isa = PBXBuildFile; fileRef = F2E6ACE41671AC7D00573AA0 /* main.m */; };
		F2E6ACE91671AC7D00573AA0 /* AppDelegate.m in Sources */ = {isa = PBXBuildFile; fileRef = F2E6ACE81671AC7D00573AA0 /* AppDelegate.m */; };
		F2E6ACEB1671AC7D00573AA0 /* Default.png in Resources */ = {isa = PBXBuildFile; fileRef = F2E6ACEA1671AC7D00573AA0 /* Default.png */; };
		F2E6ACED1671AC7D00573AA0 /* Default@2x.png in Resources */ = {isa = PBXBuildFile; fileRef = F2E6ACEC1671AC7D00573AA0 /* Default@2x.png */; };
		F2E6ACEF1671AC7D00573AA0 /* Default-568h@2x.png in Resources */ = {isa = PBXBuildFile; fileRef = F2E6ACEE1671AC7D00573AA0 /* Default-568h@2x.png */; };
		F2E6ACF21671AC7D00573AA0 /* MainStoryboard.storyboard in Resources */ = {isa = PBXBuildFile; fileRef = F2E6ACF01671AC7D00573AA0 /* MainStoryboard.storyboard */; };
/* End PBXBuildFile section */

/* Begin PBXFileReference section */
		3BBC3A3816801DE400F41182 /* GraphViewController.h */ = {isa = PBXFileReference; lastKnownFileType = sourcecode.c.h; path = GraphViewController.h; sourceTree = "<group>"; };
		3BBC3A3916801DE400F41182 /* GraphViewController.m */ = {isa = PBXFileReference; lastKnownFileType = sourcecode.c.objc; path = GraphViewController.m; sourceTree = "<group>"; };
		3BBC3A4B168024D300F41182 /* CSVProcessBL.h */ = {isa = PBXFileReference; lastKnownFileType = sourcecode.c.h; path = CSVProcessBL.h; sourceTree = "<group>"; };
		3BBC3A4C168024D300F41182 /* CSVProcessBL.m */ = {isa = PBXFileReference; lastKnownFileType = sourcecode.c.objc; path = CSVProcessBL.m; sourceTree = "<group>"; };
		3BBC3A4E168024F200F41182 /* EstudioDAO.h */ = {isa = PBXFileReference; lastKnownFileType = sourcecode.c.h; path = EstudioDAO.h; sourceTree = "<group>"; };
		3BBC3A4F168024F200F41182 /* EstudioDAO.m */ = {isa = PBXFileReference; lastKnownFileType = sourcecode.c.objc; path = EstudioDAO.m; sourceTree = "<group>"; };
		3BBC3A50168024F200F41182 /* CuentaPeriodoDAO.h */ = {isa = PBXFileReference; lastKnownFileType = sourcecode.c.h; path = CuentaPeriodoDAO.h; sourceTree = "<group>"; };
		3BBC3A51168024F200F41182 /* CuentaPeriodoDAO.m */ = {isa = PBXFileReference; lastKnownFileType = sourcecode.c.objc; path = CuentaPeriodoDAO.m; sourceTree = "<group>"; };
		3BBC3A52168024F200F41182 /* CatalogoCuentaDAO.h */ = {isa = PBXFileReference; lastKnownFileType = sourcecode.c.h; path = CatalogoCuentaDAO.h; sourceTree = "<group>"; };
		3BBC3A53168024F200F41182 /* CatalogoCuentaDAO.m */ = {isa = PBXFileReference; lastKnownFileType = sourcecode.c.objc; path = CatalogoCuentaDAO.m; sourceTree = "<group>"; };
		3BBC3A54168024F200F41182 /* CatalogoRazonesDAO.h */ = {isa = PBXFileReference; lastKnownFileType = sourcecode.c.h; path = CatalogoRazonesDAO.h; sourceTree = "<group>"; };
		3BBC3A55168024F200F41182 /* CatalogoRazonesDAO.m */ = {isa = PBXFileReference; lastKnownFileType = sourcecode.c.objc; path = CatalogoRazonesDAO.m; sourceTree = "<group>"; };
		3BBC3A56168024F200F41182 /* CatalogoSectoresDAO.h */ = {isa = PBXFileReference; lastKnownFileType = sourcecode.c.h; path = CatalogoSectoresDAO.h; sourceTree = "<group>"; };
		3BBC3A57168024F200F41182 /* CatalogoSectoresDAO.m */ = {isa = PBXFileReference; lastKnownFileType = sourcecode.c.objc; path = CatalogoSectoresDAO.m; sourceTree = "<group>"; };
		3BBC3A58168024F200F41182 /* CatalogoGeograficoDAO.h */ = {isa = PBXFileReference; lastKnownFileType = sourcecode.c.h; path = CatalogoGeograficoDAO.h; sourceTree = "<group>"; };
		3BBC3A59168024F200F41182 /* CatalogoGeograficoDAO.m */ = {isa = PBXFileReference; lastKnownFileType = sourcecode.c.objc; path = CatalogoGeograficoDAO.m; sourceTree = "<group>"; };
		3BBC3A5B1680250800F41182 /* Estudio.h */ = {isa = PBXFileReference; lastKnownFileType = sourcecode.c.h; path = Estudio.h; sourceTree = "<group>"; };
		3BBC3A5C1680250800F41182 /* Estudio.m */ = {isa = PBXFileReference; lastKnownFileType = sourcecode.c.objc; path = Estudio.m; sourceTree = "<group>"; };
		3BBC3A5D1680250800F41182 /* CuentaPeriodo.h */ = {isa = PBXFileReference; lastKnownFileType = sourcecode.c.h; path = CuentaPeriodo.h; sourceTree = "<group>"; };
		3BBC3A5E1680250800F41182 /* CuentaPeriodo.m */ = {isa = PBXFileReference; lastKnownFileType = sourcecode.c.objc; path = CuentaPeriodo.m; sourceTree = "<group>"; };
		3BBC3A5F1680250800F41182 /* CatalogoCuentas.h */ = {isa = PBXFileReference; lastKnownFileType = sourcecode.c.h; path = CatalogoCuentas.h; sourceTree = "<group>"; };
		3BBC3A601680250800F41182 /* CatalogoCuentas.m */ = {isa = PBXFileReference; lastKnownFileType = sourcecode.c.objc; path = CatalogoCuentas.m; sourceTree = "<group>"; };
		3BBC3A611680250800F41182 /* ValorRazones.h */ = {isa = PBXFileReference; lastKnownFileType = sourcecode.c.h; path = ValorRazones.h; sourceTree = "<group>"; };
		3BBC3A621680250800F41182 /* ValorRazones.m */ = {isa = PBXFileReference; lastKnownFileType = sourcecode.c.objc; path = ValorRazones.m; sourceTree = "<group>"; };
		3BBC3A631680250800F41182 /* CatalogoGeografico.h */ = {isa = PBXFileReference; lastKnownFileType = sourcecode.c.h; path = CatalogoGeografico.h; sourceTree = "<group>"; };
		3BBC3A641680250800F41182 /* CatalogoGeografico.m */ = {isa = PBXFileReference; lastKnownFileType = sourcecode.c.objc; path = CatalogoGeografico.m; sourceTree = "<group>"; };
		3BBC3A651680250800F41182 /* CatalogoSectores.h */ = {isa = PBXFileReference; lastKnownFileType = sourcecode.c.h; path = CatalogoSectores.h; sourceTree = "<group>"; };
		3BBC3A661680250800F41182 /* CatalogoSectores.m */ = {isa = PBXFileReference; lastKnownFileType = sourcecode.c.objc; path = CatalogoSectores.m; sourceTree = "<group>"; };
		3BBC3A671680250800F41182 /* CatalogoRazones.h */ = {isa = PBXFileReference; lastKnownFileType = sourcecode.c.h; path = CatalogoRazones.h; sourceTree = "<group>"; };
		3BBC3A681680250800F41182 /* CatalogoRazones.m */ = {isa = PBXFileReference; lastKnownFileType = sourcecode.c.objc; path = CatalogoRazones.m; sourceTree = "<group>"; };
		3BBC3A6A1680254000F41182 /* NSString+ParsingExtensions.h */ = {isa = PBXFileReference; lastKnownFileType = sourcecode.c.h; path = "NSString+ParsingExtensions.h"; sourceTree = "<group>"; };
		3BBC3A6B1680254000F41182 /* NSString+ParsingExtensions.m */ = {isa = PBXFileReference; lastKnownFileType = sourcecode.c.objc; path = "NSString+ParsingExtensions.m"; sourceTree = "<group>"; };
		3BBC3A6C1680254000F41182 /* PrePopulate.h */ = {isa = PBXFileReference; lastKnownFileType = sourcecode.c.h; path = PrePopulate.h; sourceTree = "<group>"; };
		3BBC3A6D1680254000F41182 /* PrePopulate.m */ = {isa = PBXFileReference; lastKnownFileType = sourcecode.c.objc; path = PrePopulate.m; sourceTree = "<group>"; };
		3BBC3A701680257100F41182 /* CorePlot-CocoaTouch.h */ = {isa = PBXFileReference; lastKnownFileType = sourcecode.c.h; path = "CorePlot-CocoaTouch.h"; sourceTree = "<group>"; };
		3BBC3A711680257100F41182 /* CPTAnnotation.h */ = {isa = PBXFileReference; lastKnownFileType = sourcecode.c.h; path = CPTAnnotation.h; sourceTree = "<group>"; };
		3BBC3A721680257100F41182 /* CPTAnnotationHostLayer.h */ = {isa = PBXFileReference; lastKnownFileType = sourcecode.c.h; path = CPTAnnotationHostLayer.h; sourceTree = "<group>"; };
		3BBC3A731680257100F41182 /* CPTAxis.h */ = {isa = PBXFileReference; lastKnownFileType = sourcecode.c.h; path = CPTAxis.h; sourceTree = "<group>"; };
		3BBC3A741680257100F41182 /* CPTAxisLabel.h */ = {isa = PBXFileReference; lastKnownFileType = sourcecode.c.h; path = CPTAxisLabel.h; sourceTree = "<group>"; };
		3BBC3A751680257100F41182 /* CPTAxisLabelGroup.h */ = {isa = PBXFileReference; lastKnownFileType = sourcecode.c.h; path = CPTAxisLabelGroup.h; sourceTree = "<group>"; };
		3BBC3A761680257100F41182 /* CPTAxisSet.h */ = {isa = PBXFileReference; lastKnownFileType = sourcecode.c.h; path = CPTAxisSet.h; sourceTree = "<group>"; };
		3BBC3A771680257100F41182 /* CPTAxisTitle.h */ = {isa = PBXFileReference; lastKnownFileType = sourcecode.c.h; path = CPTAxisTitle.h; sourceTree = "<group>"; };
		3BBC3A781680257100F41182 /* CPTBarPlot.h */ = {isa = PBXFileReference; lastKnownFileType = sourcecode.c.h; path = CPTBarPlot.h; sourceTree = "<group>"; };
		3BBC3A791680257100F41182 /* CPTBorderedLayer.h */ = {isa = PBXFileReference; lastKnownFileType = sourcecode.c.h; path = CPTBorderedLayer.h; sourceTree = "<group>"; };
		3BBC3A7A1680257100F41182 /* CPTCalendarFormatter.h */ = {isa = PBXFileReference; lastKnownFileType = sourcecode.c.h; path = CPTCalendarFormatter.h; sourceTree = "<group>"; };
		3BBC3A7B1680257100F41182 /* CPTColor.h */ = {isa = PBXFileReference; lastKnownFileType = sourcecode.c.h; path = CPTColor.h; sourceTree = "<group>"; };
		3BBC3A7C1680257100F41182 /* CPTColorSpace.h */ = {isa = PBXFileReference; lastKnownFileType = sourcecode.c.h; path = CPTColorSpace.h; sourceTree = "<group>"; };
		3BBC3A7D1680257100F41182 /* CPTConstraints.h */ = {isa = PBXFileReference; lastKnownFileType = sourcecode.c.h; path = CPTConstraints.h; sourceTree = "<group>"; };
		3BBC3A7E1680257100F41182 /* CPTDataSourceTestCase.h */ = {isa = PBXFileReference; lastKnownFileType = sourcecode.c.h; path = CPTDataSourceTestCase.h; sourceTree = "<group>"; };
		3BBC3A7F1680257100F41182 /* CPTDefinitions.h */ = {isa = PBXFileReference; lastKnownFileType = sourcecode.c.h; path = CPTDefinitions.h; sourceTree = "<group>"; };
		3BBC3A801680257100F41182 /* CPTDerivedXYGraph.h */ = {isa = PBXFileReference; lastKnownFileType = sourcecode.c.h; path = CPTDerivedXYGraph.h; sourceTree = "<group>"; };
		3BBC3A811680257100F41182 /* CPTExceptions.h */ = {isa = PBXFileReference; lastKnownFileType = sourcecode.c.h; path = CPTExceptions.h; sourceTree = "<group>"; };
		3BBC3A821680257100F41182 /* CPTFill.h */ = {isa = PBXFileReference; lastKnownFileType = sourcecode.c.h; path = CPTFill.h; sourceTree = "<group>"; };
		3BBC3A831680257100F41182 /* CPTGradient.h */ = {isa = PBXFileReference; lastKnownFileType = sourcecode.c.h; path = CPTGradient.h; sourceTree = "<group>"; };
		3BBC3A841680257100F41182 /* CPTGraph.h */ = {isa = PBXFileReference; lastKnownFileType = sourcecode.c.h; path = CPTGraph.h; sourceTree = "<group>"; };
		3BBC3A851680257100F41182 /* CPTGraphHostingView.h */ = {isa = PBXFileReference; lastKnownFileType = sourcecode.c.h; path = CPTGraphHostingView.h; sourceTree = "<group>"; };
		3BBC3A861680257100F41182 /* CPTGridLineGroup.h */ = {isa = PBXFileReference; lastKnownFileType = sourcecode.c.h; path = CPTGridLineGroup.h; sourceTree = "<group>"; };
		3BBC3A871680257100F41182 /* CPTGridLines.h */ = {isa = PBXFileReference; lastKnownFileType = sourcecode.c.h; path = CPTGridLines.h; sourceTree = "<group>"; };
		3BBC3A881680257100F41182 /* CPTImage.h */ = {isa = PBXFileReference; lastKnownFileType = sourcecode.c.h; path = CPTImage.h; sourceTree = "<group>"; };
		3BBC3A891680257100F41182 /* CPTLayer.h */ = {isa = PBXFileReference; lastKnownFileType = sourcecode.c.h; path = CPTLayer.h; sourceTree = "<group>"; };
		3BBC3A8A1680257100F41182 /* CPTLayerAnnotation.h */ = {isa = PBXFileReference; lastKnownFileType = sourcecode.c.h; path = CPTLayerAnnotation.h; sourceTree = "<group>"; };
		3BBC3A8B1680257100F41182 /* CPTLegend.h */ = {isa = PBXFileReference; lastKnownFileType = sourcecode.c.h; path = CPTLegend.h; sourceTree = "<group>"; };
		3BBC3A8C1680257100F41182 /* CPTLegendEntry.h */ = {isa = PBXFileReference; lastKnownFileType = sourcecode.c.h; path = CPTLegendEntry.h; sourceTree = "<group>"; };
		3BBC3A8D1680257100F41182 /* CPTLimitBand.h */ = {isa = PBXFileReference; lastKnownFileType = sourcecode.c.h; path = CPTLimitBand.h; sourceTree = "<group>"; };
		3BBC3A8E1680257100F41182 /* CPTLineCap.h */ = {isa = PBXFileReference; lastKnownFileType = sourcecode.c.h; path = CPTLineCap.h; sourceTree = "<group>"; };
		3BBC3A8F1680257100F41182 /* CPTLineStyle.h */ = {isa = PBXFileReference; lastKnownFileType = sourcecode.c.h; path = CPTLineStyle.h; sourceTree = "<group>"; };
		3BBC3A901680257100F41182 /* CPTMutableLineStyle.h */ = {isa = PBXFileReference; lastKnownFileType = sourcecode.c.h; path = CPTMutableLineStyle.h; sourceTree = "<group>"; };
		3BBC3A911680257100F41182 /* CPTMutableNumericData.h */ = {isa = PBXFileReference; lastKnownFileType = sourcecode.c.h; path = CPTMutableNumericData.h; sourceTree = "<group>"; };
		3BBC3A921680257100F41182 /* CPTMutableNumericData+TypeConversion.h */ = {isa = PBXFileReference; lastKnownFileType = sourcecode.c.h; path = "CPTMutableNumericData+TypeConversion.h"; sourceTree = "<group>"; };
		3BBC3A931680257100F41182 /* CPTMutablePlotRange.h */ = {isa = PBXFileReference; lastKnownFileType = sourcecode.c.h; path = CPTMutablePlotRange.h; sourceTree = "<group>"; };
		3BBC3A941680257100F41182 /* CPTMutableShadow.h */ = {isa = PBXFileReference; lastKnownFileType = sourcecode.c.h; path = CPTMutableShadow.h; sourceTree = "<group>"; };
		3BBC3A951680257100F41182 /* CPTMutableTextStyle.h */ = {isa = PBXFileReference; lastKnownFileType = sourcecode.c.h; path = CPTMutableTextStyle.h; sourceTree = "<group>"; };
		3BBC3A961680257100F41182 /* CPTNumericData.h */ = {isa = PBXFileReference; lastKnownFileType = sourcecode.c.h; path = CPTNumericData.h; sourceTree = "<group>"; };
		3BBC3A971680257100F41182 /* CPTNumericData+TypeConversion.h */ = {isa = PBXFileReference; lastKnownFileType = sourcecode.c.h; path = "CPTNumericData+TypeConversion.h"; sourceTree = "<group>"; };
		3BBC3A981680257100F41182 /* CPTNumericDataType.h */ = {isa = PBXFileReference; lastKnownFileType = sourcecode.c.h; path = CPTNumericDataType.h; sourceTree = "<group>"; };
		3BBC3A991680257100F41182 /* CPTPathExtensions.h */ = {isa = PBXFileReference; lastKnownFileType = sourcecode.c.h; path = CPTPathExtensions.h; sourceTree = "<group>"; };
		3BBC3A9A1680257100F41182 /* CPTPieChart.h */ = {isa = PBXFileReference; lastKnownFileType = sourcecode.c.h; path = CPTPieChart.h; sourceTree = "<group>"; };
		3BBC3A9B1680257100F41182 /* CPTPlatformSpecificCategories.h */ = {isa = PBXFileReference; lastKnownFileType = sourcecode.c.h; path = CPTPlatformSpecificCategories.h; sourceTree = "<group>"; };
		3BBC3A9C1680257100F41182 /* CPTPlatformSpecificDefines.h */ = {isa = PBXFileReference; lastKnownFileType = sourcecode.c.h; path = CPTPlatformSpecificDefines.h; sourceTree = "<group>"; };
		3BBC3A9D1680257100F41182 /* CPTPlatformSpecificFunctions.h */ = {isa = PBXFileReference; lastKnownFileType = sourcecode.c.h; path = CPTPlatformSpecificFunctions.h; sourceTree = "<group>"; };
		3BBC3A9E1680257100F41182 /* CPTPlot.h */ = {isa = PBXFileReference; lastKnownFileType = sourcecode.c.h; path = CPTPlot.h; sourceTree = "<group>"; };
		3BBC3A9F1680257100F41182 /* CPTPlotArea.h */ = {isa = PBXFileReference; lastKnownFileType = sourcecode.c.h; path = CPTPlotArea.h; sourceTree = "<group>"; };
		3BBC3AA01680257100F41182 /* CPTPlotAreaFrame.h */ = {isa = PBXFileReference; lastKnownFileType = sourcecode.c.h; path = CPTPlotAreaFrame.h; sourceTree = "<group>"; };
		3BBC3AA11680257100F41182 /* CPTPlotGroup.h */ = {isa = PBXFileReference; lastKnownFileType = sourcecode.c.h; path = CPTPlotGroup.h; sourceTree = "<group>"; };
		3BBC3AA21680257100F41182 /* CPTPlotRange.h */ = {isa = PBXFileReference; lastKnownFileType = sourcecode.c.h; path = CPTPlotRange.h; sourceTree = "<group>"; };
		3BBC3AA31680257100F41182 /* CPTPlotSpace.h */ = {isa = PBXFileReference; lastKnownFileType = sourcecode.c.h; path = CPTPlotSpace.h; sourceTree = "<group>"; };
		3BBC3AA41680257100F41182 /* CPTPlotSpaceAnnotation.h */ = {isa = PBXFileReference; lastKnownFileType = sourcecode.c.h; path = CPTPlotSpaceAnnotation.h; sourceTree = "<group>"; };
		3BBC3AA51680257100F41182 /* CPTPlotSymbol.h */ = {isa = PBXFileReference; lastKnownFileType = sourcecode.c.h; path = CPTPlotSymbol.h; sourceTree = "<group>"; };
		3BBC3AA61680257100F41182 /* CPTRangePlot.h */ = {isa = PBXFileReference; lastKnownFileType = sourcecode.c.h; path = CPTRangePlot.h; sourceTree = "<group>"; };
		3BBC3AA71680257100F41182 /* CPTResponder.h */ = {isa = PBXFileReference; lastKnownFileType = sourcecode.c.h; path = CPTResponder.h; sourceTree = "<group>"; };
		3BBC3AA81680257100F41182 /* CPTScatterPlot.h */ = {isa = PBXFileReference; lastKnownFileType = sourcecode.c.h; path = CPTScatterPlot.h; sourceTree = "<group>"; };
		3BBC3AA91680257100F41182 /* CPTShadow.h */ = {isa = PBXFileReference; lastKnownFileType = sourcecode.c.h; path = CPTShadow.h; sourceTree = "<group>"; };
		3BBC3AAA1680257100F41182 /* CPTTestCase.h */ = {isa = PBXFileReference; lastKnownFileType = sourcecode.c.h; path = CPTTestCase.h; sourceTree = "<group>"; };
		3BBC3AAB1680257100F41182 /* CPTTextLayer.h */ = {isa = PBXFileReference; lastKnownFileType = sourcecode.c.h; path = CPTTextLayer.h; sourceTree = "<group>"; };
		3BBC3AAC1680257100F41182 /* CPTTextStyle.h */ = {isa = PBXFileReference; lastKnownFileType = sourcecode.c.h; path = CPTTextStyle.h; sourceTree = "<group>"; };
		3BBC3AAD1680257100F41182 /* CPTTextStylePlatformSpecific.h */ = {isa = PBXFileReference; lastKnownFileType = sourcecode.c.h; path = CPTTextStylePlatformSpecific.h; sourceTree = "<group>"; };
		3BBC3AAE1680257100F41182 /* CPTTheme.h */ = {isa = PBXFileReference; lastKnownFileType = sourcecode.c.h; path = CPTTheme.h; sourceTree = "<group>"; };
		3BBC3AAF1680257100F41182 /* CPTTimeFormatter.h */ = {isa = PBXFileReference; lastKnownFileType = sourcecode.c.h; path = CPTTimeFormatter.h; sourceTree = "<group>"; };
		3BBC3AB01680257100F41182 /* CPTTradingRangePlot.h */ = {isa = PBXFileReference; lastKnownFileType = sourcecode.c.h; path = CPTTradingRangePlot.h; sourceTree = "<group>"; };
		3BBC3AB11680257100F41182 /* CPTUtilities.h */ = {isa = PBXFileReference; lastKnownFileType = sourcecode.c.h; path = CPTUtilities.h; sourceTree = "<group>"; };
		3BBC3AB21680257100F41182 /* CPTXYAxis.h */ = {isa = PBXFileReference; lastKnownFileType = sourcecode.c.h; path = CPTXYAxis.h; sourceTree = "<group>"; };
		3BBC3AB31680257100F41182 /* CPTXYAxisSet.h */ = {isa = PBXFileReference; lastKnownFileType = sourcecode.c.h; path = CPTXYAxisSet.h; sourceTree = "<group>"; };
		3BBC3AB41680257100F41182 /* CPTXYGraph.h */ = {isa = PBXFileReference; lastKnownFileType = sourcecode.c.h; path = CPTXYGraph.h; sourceTree = "<group>"; };
		3BBC3AB51680257100F41182 /* CPTXYPlotSpace.h */ = {isa = PBXFileReference; lastKnownFileType = sourcecode.c.h; path = CPTXYPlotSpace.h; sourceTree = "<group>"; };
		3BBC3AB61680257100F41182 /* mainpage.h */ = {isa = PBXFileReference; lastKnownFileType = sourcecode.c.h; path = mainpage.h; sourceTree = "<group>"; };
		3BBC3AB71680257100F41182 /* NSCoderExtensions.h */ = {isa = PBXFileReference; lastKnownFileType = sourcecode.c.h; path = NSCoderExtensions.h; sourceTree = "<group>"; };
		3BBC3AB81680257100F41182 /* NSDecimalNumberExtensions.h */ = {isa = PBXFileReference; lastKnownFileType = sourcecode.c.h; path = NSDecimalNumberExtensions.h; sourceTree = "<group>"; };
		3BBC3AB91680257100F41182 /* NSNumberExtensions.h */ = {isa = PBXFileReference; lastKnownFileType = sourcecode.c.h; path = NSNumberExtensions.h; sourceTree = "<group>"; };
		3BBC3ABA1680257100F41182 /* libCorePlot-CocoaTouch.a */ = {isa = PBXFileReference; lastKnownFileType = archive.ar; path = "libCorePlot-CocoaTouch.a"; sourceTree = "<group>"; };
		3BBC3ABB1680258600F41182 /* CPDConstants.h */ = {isa = PBXFileReference; lastKnownFileType = sourcecode.c.h; path = CPDConstants.h; sourceTree = "<group>"; };
		3BBC3ABC1680258600F41182 /* CPDConstants.m */ = {isa = PBXFileReference; lastKnownFileType = sourcecode.c.objc; path = CPDConstants.m; sourceTree = "<group>"; };
		3BBC3ABD1680258600F41182 /* CPDStockPriceStore.h */ = {isa = PBXFileReference; lastKnownFileType = sourcecode.c.h; path = CPDStockPriceStore.h; sourceTree = "<group>"; };
		3BBC3ABE1680258600F41182 /* CPDStockPriceStore.m */ = {isa = PBXFileReference; lastKnownFileType = sourcecode.c.objc; path = CPDStockPriceStore.m; sourceTree = "<group>"; };
		3BBC3ABF168025A600F41182 /* QuartzCore.framework */ = {isa = PBXFileReference; lastKnownFileType = wrapper.framework; name = QuartzCore.framework; path = System/Library/Frameworks/QuartzCore.framework; sourceTree = SDKROOT; };
		3BBC3AC1168025BB00F41182 /* CoreData.framework */ = {isa = PBXFileReference; lastKnownFileType = wrapper.framework; name = CoreData.framework; path = System/Library/Frameworks/CoreData.framework; sourceTree = SDKROOT; };
		3BD6C1BE16810B9800894731 /* FinanPort.xcdatamodel */ = {isa = PBXFileReference; lastKnownFileType = wrapper.xcdatamodel; path = FinanPort.xcdatamodel; sourceTree = "<group>"; };
		3BD6C1C416824C1400894731 /* ExportManagerBL.h */ = {isa = PBXFileReference; fileEncoding = 4; lastKnownFileType = sourcecode.c.h; path = ExportManagerBL.h; sourceTree = "<group>"; };
		3BD6C1C516824C1400894731 /* ExportManagerBL.m */ = {isa = PBXFileReference; fileEncoding = 4; lastKnownFileType = sourcecode.c.objc; path = ExportManagerBL.m; sourceTree = "<group>"; };
		3BD6C1CB1682560C00894731 /* MessageUI.framework */ = {isa = PBXFileReference; lastKnownFileType = wrapper.framework; name = MessageUI.framework; path = System/Library/Frameworks/MessageUI.framework; sourceTree = SDKROOT; };
		F28D9A051671C23C005467FD /* MainCollectionViewController.h */ = {isa = PBXFileReference; fileEncoding = 4; lastKnownFileType = sourcecode.c.h; path = MainCollectionViewController.h; sourceTree = "<group>"; };
		F28D9A061671C23C005467FD /* MainCollectionViewController.m */ = {isa = PBXFileReference; fileEncoding = 4; lastKnownFileType = sourcecode.c.objc; path = MainCollectionViewController.m; sourceTree = "<group>"; };
		F28D9A111671C394005467FD /* Razon.h */ = {isa = PBXFileReference; fileEncoding = 4; lastKnownFileType = sourcecode.c.h; path = Razon.h; sourceTree = "<group>"; };
		F28D9A121671C394005467FD /* Razon.m */ = {isa = PBXFileReference; fileEncoding = 4; lastKnownFileType = sourcecode.c.objc; path = Razon.m; sourceTree = "<group>"; };
		F28D9A141671C3B8005467FD /* DetailViewController.h */ = {isa = PBXFileReference; fileEncoding = 4; lastKnownFileType = sourcecode.c.h; path = DetailViewController.h; sourceTree = "<group>"; };
		F28D9A151671C3B8005467FD /* DetailViewController.m */ = {isa = PBXFileReference; fileEncoding = 4; lastKnownFileType = sourcecode.c.objc; path = DetailViewController.m; sourceTree = "<group>"; };
		F28D9A171671CEA5005467FD /* RazonCell.h */ = {isa = PBXFileReference; fileEncoding = 4; lastKnownFileType = sourcecode.c.h; path = RazonCell.h; sourceTree = "<group>"; };
		F28D9A181671CEA5005467FD /* RazonCell.m */ = {isa = PBXFileReference; fileEncoding = 4; lastKnownFileType = sourcecode.c.objc; path = RazonCell.m; sourceTree = "<group>"; };
		F2C542021676F7F900FA8BCC /* MonthChooserViewController.h */ = {isa = PBXFileReference; fileEncoding = 4; lastKnownFileType = sourcecode.c.h; path = MonthChooserViewController.h; sourceTree = "<group>"; };
		F2C542031676F7F900FA8BCC /* MonthChooserViewController.m */ = {isa = PBXFileReference; fileEncoding = 4; lastKnownFileType = sourcecode.c.objc; path = MonthChooserViewController.m; sourceTree = "<group>"; };
		F2C542041676F7F900FA8BCC /* MonthChooserViewController.xib */ = {isa = PBXFileReference; fileEncoding = 4; lastKnownFileType = file.xib; path = MonthChooserViewController.xib; sourceTree = "<group>"; };
		F2CBBE4816755F490040F2F1 /* Bussines.h */ = {isa = PBXFileReference; fileEncoding = 4; lastKnownFileType = sourcecode.c.h; path = Bussines.h; sourceTree = "<group>"; };
		F2CBBE4916755F490040F2F1 /* Bussines.m */ = {isa = PBXFileReference; fileEncoding = 4; lastKnownFileType = sourcecode.c.objc; path = Bussines.m; sourceTree = "<group>"; };
		F2CD5B691676EAEF00B627D4 /* pie-graph.png */ = {isa = PBXFileReference; lastKnownFileType = image.png; path = "pie-graph.png"; sourceTree = "<group>"; };
		F2DB39F71672FE8500794613 /* 1.jpg */ = {isa = PBXFileReference; lastKnownFileType = image.jpeg; path = 1.jpg; sourceTree = "<group>"; };
		F2DB39F81672FE8500794613 /* 2.jpg */ = {isa = PBXFileReference; lastKnownFileType = image.jpeg; path = 2.jpg; sourceTree = "<group>"; };
		F2DB39F91672FE8500794613 /* 3.jpg */ = {isa = PBXFileReference; lastKnownFileType = image.jpeg; path = 3.jpg; sourceTree = "<group>"; };
		F2E6ACD41671AC7D00573AA0 /* FinanPort.app */ = {isa = PBXFileReference; explicitFileType = wrapper.application; includeInIndex = 0; path = FinanPort.app; sourceTree = BUILT_PRODUCTS_DIR; };
		F2E6ACD81671AC7D00573AA0 /* UIKit.framework */ = {isa = PBXFileReference; lastKnownFileType = wrapper.framework; name = UIKit.framework; path = System/Library/Frameworks/UIKit.framework; sourceTree = SDKROOT; };
		F2E6ACDA1671AC7D00573AA0 /* Foundation.framework */ = {isa = PBXFileReference; lastKnownFileType = wrapper.framework; name = Foundation.framework; path = System/Library/Frameworks/Foundation.framework; sourceTree = SDKROOT; };
		F2E6ACDC1671AC7D00573AA0 /* CoreGraphics.framework */ = {isa = PBXFileReference; lastKnownFileType = wrapper.framework; name = CoreGraphics.framework; path = System/Library/Frameworks/CoreGraphics.framework; sourceTree = SDKROOT; };
		F2E6ACE01671AC7D00573AA0 /* FinanPort-Info.plist */ = {isa = PBXFileReference; lastKnownFileType = text.plist.xml; path = "FinanPort-Info.plist"; sourceTree = "<group>"; };
		F2E6ACE21671AC7D00573AA0 /* en */ = {isa = PBXFileReference; lastKnownFileType = text.plist.strings; name = en; path = en.lproj/InfoPlist.strings; sourceTree = "<group>"; };
		F2E6ACE41671AC7D00573AA0 /* main.m */ = {isa = PBXFileReference; lastKnownFileType = sourcecode.c.objc; path = main.m; sourceTree = "<group>"; };
		F2E6ACE61671AC7D00573AA0 /* FinanPort-Prefix.pch */ = {isa = PBXFileReference; lastKnownFileType = sourcecode.c.h; path = "FinanPort-Prefix.pch"; sourceTree = "<group>"; };
		F2E6ACE71671AC7D00573AA0 /* AppDelegate.h */ = {isa = PBXFileReference; lastKnownFileType = sourcecode.c.h; path = AppDelegate.h; sourceTree = "<group>"; };
		F2E6ACE81671AC7D00573AA0 /* AppDelegate.m */ = {isa = PBXFileReference; lastKnownFileType = sourcecode.c.objc; path = AppDelegate.m; sourceTree = "<group>"; };
		F2E6ACEA1671AC7D00573AA0 /* Default.png */ = {isa = PBXFileReference; lastKnownFileType = image.png; path = Default.png; sourceTree = "<group>"; };
		F2E6ACEC1671AC7D00573AA0 /* Default@2x.png */ = {isa = PBXFileReference; lastKnownFileType = image.png; path = "Default@2x.png"; sourceTree = "<group>"; };
		F2E6ACEE1671AC7D00573AA0 /* Default-568h@2x.png */ = {isa = PBXFileReference; lastKnownFileType = image.png; path = "Default-568h@2x.png"; sourceTree = "<group>"; };
		F2E6ACF11671AC7D00573AA0 /* en */ = {isa = PBXFileReference; lastKnownFileType = file.storyboard; name = en; path = en.lproj/MainStoryboard.storyboard; sourceTree = "<group>"; };
/* End PBXFileReference section */

/* Begin PBXFrameworksBuildPhase section */
		F2E6ACD11671AC7D00573AA0 /* Frameworks */ = {
			isa = PBXFrameworksBuildPhase;
			buildActionMask = 2147483647;
			files = (
				3BD6C1CC1682560C00894731 /* MessageUI.framework in Frameworks */,
				3BBC3AC31680262300F41182 /* libCorePlot-CocoaTouch.a in Frameworks */,
				3BBC3AC2168025BB00F41182 /* CoreData.framework in Frameworks */,
				3BBC3AC0168025A600F41182 /* QuartzCore.framework in Frameworks */,
				F2E6ACD91671AC7D00573AA0 /* UIKit.framework in Frameworks */,
				F2E6ACDB1671AC7D00573AA0 /* Foundation.framework in Frameworks */,
				F2E6ACDD1671AC7D00573AA0 /* CoreGraphics.framework in Frameworks */,
			);
			runOnlyForDeploymentPostprocessing = 0;
		};
/* End PBXFrameworksBuildPhase section */

/* Begin PBXGroup section */
		3BBC3A3316801D7800F41182 /* com.finanport.main */ = {
			isa = PBXGroup;
			children = (
				F2E6ACE71671AC7D00573AA0 /* AppDelegate.h */,
				F2E6ACE81671AC7D00573AA0 /* AppDelegate.m */,
			);
			name = com.finanport.main;
			sourceTree = "<group>";
		};
		3BBC3A3516801DD700F41182 /* com.finanport.controller */ = {
			isa = PBXGroup;
			children = (
				3BBC3A3816801DE400F41182 /* GraphViewController.h */,
				3BBC3A3916801DE400F41182 /* GraphViewController.m */,
				F28D9A051671C23C005467FD /* MainCollectionViewController.h */,
				F28D9A061671C23C005467FD /* MainCollectionViewController.m */,
			);
			name = com.finanport.controller;
			sourceTree = "<group>";
		};
		3BBC3A4A16801F4500F41182 /* com.finanport.business */ = {
			isa = PBXGroup;
			children = (
				3BBC3A4B168024D300F41182 /* CSVProcessBL.h */,
				3BBC3A4C168024D300F41182 /* CSVProcessBL.m */,
				3BD6C1C416824C1400894731 /* ExportManagerBL.h */,
				3BD6C1C516824C1400894731 /* ExportManagerBL.m */,
			);
			name = com.finanport.business;
			sourceTree = "<group>";
		};
		3BBC3A4D168024E200F41182 /* com.finanport.dao */ = {
			isa = PBXGroup;
			children = (
				3BBC3A4E168024F200F41182 /* EstudioDAO.h */,
				3BBC3A4F168024F200F41182 /* EstudioDAO.m */,
				3BBC3A50168024F200F41182 /* CuentaPeriodoDAO.h */,
				3BBC3A51168024F200F41182 /* CuentaPeriodoDAO.m */,
				3BBC3A52168024F200F41182 /* CatalogoCuentaDAO.h */,
				3BBC3A53168024F200F41182 /* CatalogoCuentaDAO.m */,
				3BBC3A54168024F200F41182 /* CatalogoRazonesDAO.h */,
				3BBC3A55168024F200F41182 /* CatalogoRazonesDAO.m */,
				3BBC3A56168024F200F41182 /* CatalogoSectoresDAO.h */,
				3BBC3A57168024F200F41182 /* CatalogoSectoresDAO.m */,
				3BBC3A58168024F200F41182 /* CatalogoGeograficoDAO.h */,
				3BBC3A59168024F200F41182 /* CatalogoGeograficoDAO.m */,
			);
			name = com.finanport.dao;
			sourceTree = "<group>";
		};
		3BBC3A5A168024FC00F41182 /* com.finanport.entity */ = {
			isa = PBXGroup;
			children = (
				3BBC3A5B1680250800F41182 /* Estudio.h */,
				3BBC3A5C1680250800F41182 /* Estudio.m */,
				3BBC3A5D1680250800F41182 /* CuentaPeriodo.h */,
				3BBC3A5E1680250800F41182 /* CuentaPeriodo.m */,
				3BBC3A5F1680250800F41182 /* CatalogoCuentas.h */,
				3BBC3A601680250800F41182 /* CatalogoCuentas.m */,
				3BBC3A611680250800F41182 /* ValorRazones.h */,
				3BBC3A621680250800F41182 /* ValorRazones.m */,
				3BBC3A631680250800F41182 /* CatalogoGeografico.h */,
				3BBC3A641680250800F41182 /* CatalogoGeografico.m */,
				3BBC3A651680250800F41182 /* CatalogoSectores.h */,
				3BBC3A661680250800F41182 /* CatalogoSectores.m */,
				3BBC3A671680250800F41182 /* CatalogoRazones.h */,
				3BBC3A681680250800F41182 /* CatalogoRazones.m */,
			);
			name = com.finanport.entity;
			sourceTree = "<group>";
		};
		3BBC3A691680252800F41182 /* com.finanport.helper */ = {
			isa = PBXGroup;
			children = (
				3BBC3A6F1680255900F41182 /* CorePlot */,
				3BBC3A6E1680254D00F41182 /* CorePlotResource */,
				3BBC3A6A1680254000F41182 /* NSString+ParsingExtensions.h */,
				3BBC3A6B1680254000F41182 /* NSString+ParsingExtensions.m */,
				3BBC3A6C1680254000F41182 /* PrePopulate.h */,
				3BBC3A6D1680254000F41182 /* PrePopulate.m */,
			);
			name = com.finanport.helper;
			sourceTree = "<group>";
		};
		3BBC3A6E1680254D00F41182 /* CorePlotResource */ = {
			isa = PBXGroup;
			children = (
				3BBC3ABB1680258600F41182 /* CPDConstants.h */,
				3BBC3ABC1680258600F41182 /* CPDConstants.m */,
				3BBC3ABD1680258600F41182 /* CPDStockPriceStore.h */,
				3BBC3ABE1680258600F41182 /* CPDStockPriceStore.m */,
			);
			name = CorePlotResource;
			sourceTree = "<group>";
		};
		3BBC3A6F1680255900F41182 /* CorePlot */ = {
			isa = PBXGroup;
			children = (
				3BBC3A701680257100F41182 /* CorePlot-CocoaTouch.h */,
				3BBC3A711680257100F41182 /* CPTAnnotation.h */,
				3BBC3A721680257100F41182 /* CPTAnnotationHostLayer.h */,
				3BBC3A731680257100F41182 /* CPTAxis.h */,
				3BBC3A741680257100F41182 /* CPTAxisLabel.h */,
				3BBC3A751680257100F41182 /* CPTAxisLabelGroup.h */,
				3BBC3A761680257100F41182 /* CPTAxisSet.h */,
				3BBC3A771680257100F41182 /* CPTAxisTitle.h */,
				3BBC3A781680257100F41182 /* CPTBarPlot.h */,
				3BBC3A791680257100F41182 /* CPTBorderedLayer.h */,
				3BBC3A7A1680257100F41182 /* CPTCalendarFormatter.h */,
				3BBC3A7B1680257100F41182 /* CPTColor.h */,
				3BBC3A7C1680257100F41182 /* CPTColorSpace.h */,
				3BBC3A7D1680257100F41182 /* CPTConstraints.h */,
				3BBC3A7E1680257100F41182 /* CPTDataSourceTestCase.h */,
				3BBC3A7F1680257100F41182 /* CPTDefinitions.h */,
				3BBC3A801680257100F41182 /* CPTDerivedXYGraph.h */,
				3BBC3A811680257100F41182 /* CPTExceptions.h */,
				3BBC3A821680257100F41182 /* CPTFill.h */,
				3BBC3A831680257100F41182 /* CPTGradient.h */,
				3BBC3A841680257100F41182 /* CPTGraph.h */,
				3BBC3A851680257100F41182 /* CPTGraphHostingView.h */,
				3BBC3A861680257100F41182 /* CPTGridLineGroup.h */,
				3BBC3A871680257100F41182 /* CPTGridLines.h */,
				3BBC3A881680257100F41182 /* CPTImage.h */,
				3BBC3A891680257100F41182 /* CPTLayer.h */,
				3BBC3A8A1680257100F41182 /* CPTLayerAnnotation.h */,
				3BBC3A8B1680257100F41182 /* CPTLegend.h */,
				3BBC3A8C1680257100F41182 /* CPTLegendEntry.h */,
				3BBC3A8D1680257100F41182 /* CPTLimitBand.h */,
				3BBC3A8E1680257100F41182 /* CPTLineCap.h */,
				3BBC3A8F1680257100F41182 /* CPTLineStyle.h */,
				3BBC3A901680257100F41182 /* CPTMutableLineStyle.h */,
				3BBC3A911680257100F41182 /* CPTMutableNumericData.h */,
				3BBC3A921680257100F41182 /* CPTMutableNumericData+TypeConversion.h */,
				3BBC3A931680257100F41182 /* CPTMutablePlotRange.h */,
				3BBC3A941680257100F41182 /* CPTMutableShadow.h */,
				3BBC3A951680257100F41182 /* CPTMutableTextStyle.h */,
				3BBC3A961680257100F41182 /* CPTNumericData.h */,
				3BBC3A971680257100F41182 /* CPTNumericData+TypeConversion.h */,
				3BBC3A981680257100F41182 /* CPTNumericDataType.h */,
				3BBC3A991680257100F41182 /* CPTPathExtensions.h */,
				3BBC3A9A1680257100F41182 /* CPTPieChart.h */,
				3BBC3A9B1680257100F41182 /* CPTPlatformSpecificCategories.h */,
				3BBC3A9C1680257100F41182 /* CPTPlatformSpecificDefines.h */,
				3BBC3A9D1680257100F41182 /* CPTPlatformSpecificFunctions.h */,
				3BBC3A9E1680257100F41182 /* CPTPlot.h */,
				3BBC3A9F1680257100F41182 /* CPTPlotArea.h */,
				3BBC3AA01680257100F41182 /* CPTPlotAreaFrame.h */,
				3BBC3AA11680257100F41182 /* CPTPlotGroup.h */,
				3BBC3AA21680257100F41182 /* CPTPlotRange.h */,
				3BBC3AA31680257100F41182 /* CPTPlotSpace.h */,
				3BBC3AA41680257100F41182 /* CPTPlotSpaceAnnotation.h */,
				3BBC3AA51680257100F41182 /* CPTPlotSymbol.h */,
				3BBC3AA61680257100F41182 /* CPTRangePlot.h */,
				3BBC3AA71680257100F41182 /* CPTResponder.h */,
				3BBC3AA81680257100F41182 /* CPTScatterPlot.h */,
				3BBC3AA91680257100F41182 /* CPTShadow.h */,
				3BBC3AAA1680257100F41182 /* CPTTestCase.h */,
				3BBC3AAB1680257100F41182 /* CPTTextLayer.h */,
				3BBC3AAC1680257100F41182 /* CPTTextStyle.h */,
				3BBC3AAD1680257100F41182 /* CPTTextStylePlatformSpecific.h */,
				3BBC3AAE1680257100F41182 /* CPTTheme.h */,
				3BBC3AAF1680257100F41182 /* CPTTimeFormatter.h */,
				3BBC3AB01680257100F41182 /* CPTTradingRangePlot.h */,
				3BBC3AB11680257100F41182 /* CPTUtilities.h */,
				3BBC3AB21680257100F41182 /* CPTXYAxis.h */,
				3BBC3AB31680257100F41182 /* CPTXYAxisSet.h */,
				3BBC3AB41680257100F41182 /* CPTXYGraph.h */,
				3BBC3AB51680257100F41182 /* CPTXYPlotSpace.h */,
				3BBC3AB61680257100F41182 /* mainpage.h */,
				3BBC3AB71680257100F41182 /* NSCoderExtensions.h */,
				3BBC3AB81680257100F41182 /* NSDecimalNumberExtensions.h */,
				3BBC3AB91680257100F41182 /* NSNumberExtensions.h */,
				3BBC3ABA1680257100F41182 /* libCorePlot-CocoaTouch.a */,
			);
			name = CorePlot;
			sourceTree = "<group>";
		};
		F2DB39F61672FE8500794613 /* imagenes */ = {
			isa = PBXGroup;
			children = (
				F2DB39F71672FE8500794613 /* 1.jpg */,
				F2CD5B691676EAEF00B627D4 /* pie-graph.png */,
				F2DB39F81672FE8500794613 /* 2.jpg */,
				F2DB39F91672FE8500794613 /* 3.jpg */,
			);
			path = imagenes;
			sourceTree = "<group>";
		};
		F2E6ACC91671AC7D00573AA0 = {
			isa = PBXGroup;
			children = (
				F2E6ACDE1671AC7D00573AA0 /* FinanPort */,
				F2E6ACD71671AC7D00573AA0 /* Frameworks */,
				F2E6ACD51671AC7D00573AA0 /* Products */,
			);
			sourceTree = "<group>";
		};
		F2E6ACD51671AC7D00573AA0 /* Products */ = {
			isa = PBXGroup;
			children = (
				F2E6ACD41671AC7D00573AA0 /* FinanPort.app */,
			);
			name = Products;
			sourceTree = "<group>";
		};
		F2E6ACD71671AC7D00573AA0 /* Frameworks */ = {
			isa = PBXGroup;
			children = (
				3BD6C1CB1682560C00894731 /* MessageUI.framework */,
				3BBC3AC1168025BB00F41182 /* CoreData.framework */,
				3BBC3ABF168025A600F41182 /* QuartzCore.framework */,
				F2E6ACD81671AC7D00573AA0 /* UIKit.framework */,
				F2E6ACDA1671AC7D00573AA0 /* Foundation.framework */,
				F2E6ACDC1671AC7D00573AA0 /* CoreGraphics.framework */,
			);
			name = Frameworks;
			sourceTree = "<group>";
		};
		F2E6ACDE1671AC7D00573AA0 /* FinanPort */ = {
			isa = PBXGroup;
			children = (
				3BBC3A691680252800F41182 /* com.finanport.helper */,
				3BBC3A5A168024FC00F41182 /* com.finanport.entity */,
				3BBC3A4D168024E200F41182 /* com.finanport.dao */,
				3BBC3A4A16801F4500F41182 /* com.finanport.business */,
				3BBC3A3516801DD700F41182 /* com.finanport.controller */,
				3BBC3A3316801D7800F41182 /* com.finanport.main */,
				F28D9A111671C394005467FD /* Razon.h */,
				F2CBBE4816755F490040F2F1 /* Bussines.h */,
				F28D9A171671CEA5005467FD /* RazonCell.h */,
				F28D9A121671C394005467FD /* Razon.m */,
				F2CBBE4916755F490040F2F1 /* Bussines.m */,
				F28D9A181671CEA5005467FD /* RazonCell.m */,
				F2E6ACF01671AC7D00573AA0 /* MainStoryboard.storyboard */,
				F2C542041676F7F900FA8BCC /* MonthChooserViewController.xib */,
				F28D9A141671C3B8005467FD /* DetailViewController.h */,
				F2C542021676F7F900FA8BCC /* MonthChooserViewController.h */,
				F28D9A151671C3B8005467FD /* DetailViewController.m */,
				F2C542031676F7F900FA8BCC /* MonthChooserViewController.m */,
				F2E6ACDF1671AC7D00573AA0 /* Supporting Files */,
			);
			path = FinanPort;
			sourceTree = "<group>";
		};
		F2E6ACDF1671AC7D00573AA0 /* Supporting Files */ = {
			isa = PBXGroup;
			children = (
				F2DB39F61672FE8500794613 /* imagenes */,
				F2E6ACE01671AC7D00573AA0 /* FinanPort-Info.plist */,
				F2E6ACE11671AC7D00573AA0 /* InfoPlist.strings */,
				F2E6ACE41671AC7D00573AA0 /* main.m */,
				F2E6ACE61671AC7D00573AA0 /* FinanPort-Prefix.pch */,
				F2E6ACEA1671AC7D00573AA0 /* Default.png */,
				F2E6ACEC1671AC7D00573AA0 /* Default@2x.png */,
				F2E6ACEE1671AC7D00573AA0 /* Default-568h@2x.png */,
				3BD6C1BD16810B9800894731 /* FinanPort.xcdatamodeld */,
			);
			name = "Supporting Files";
			sourceTree = "<group>";
		};
/* End PBXGroup section */

/* Begin PBXNativeTarget section */
		F2E6ACD31671AC7D00573AA0 /* FinanPort */ = {
			isa = PBXNativeTarget;
			buildConfigurationList = F2E6ACF81671AC7D00573AA0 /* Build configuration list for PBXNativeTarget "FinanPort" */;
			buildPhases = (
				F2E6ACD01671AC7D00573AA0 /* Sources */,
				F2E6ACD11671AC7D00573AA0 /* Frameworks */,
				F2E6ACD21671AC7D00573AA0 /* Resources */,
			);
			buildRules = (
			);
			dependencies = (
			);
			name = FinanPort;
			productName = FinanPort;
			productReference = F2E6ACD41671AC7D00573AA0 /* FinanPort.app */;
			productType = "com.apple.product-type.application";
		};
/* End PBXNativeTarget section */

/* Begin PBXProject section */
		F2E6ACCB1671AC7D00573AA0 /* Project object */ = {
			isa = PBXProject;
			attributes = {
				LastUpgradeCheck = 0450;
				ORGANIZATIONNAME = "Itnovare Solutions";
			};
			buildConfigurationList = F2E6ACCE1671AC7D00573AA0 /* Build configuration list for PBXProject "FinanPort" */;
			compatibilityVersion = "Xcode 3.2";
			developmentRegion = English;
			hasScannedForEncodings = 0;
			knownRegions = (
				en,
			);
			mainGroup = F2E6ACC91671AC7D00573AA0;
			productRefGroup = F2E6ACD51671AC7D00573AA0 /* Products */;
			projectDirPath = "";
			projectRoot = "";
			targets = (
				F2E6ACD31671AC7D00573AA0 /* FinanPort */,
			);
		};
/* End PBXProject section */

/* Begin PBXResourcesBuildPhase section */
		F2E6ACD21671AC7D00573AA0 /* Resources */ = {
			isa = PBXResourcesBuildPhase;
			buildActionMask = 2147483647;
			files = (
				F2E6ACE31671AC7D00573AA0 /* InfoPlist.strings in Resources */,
				F2E6ACEB1671AC7D00573AA0 /* Default.png in Resources */,
				F2E6ACED1671AC7D00573AA0 /* Default@2x.png in Resources */,
				F2E6ACEF1671AC7D00573AA0 /* Default-568h@2x.png in Resources */,
				F2E6ACF21671AC7D00573AA0 /* MainStoryboard.storyboard in Resources */,
				F2DB39FA1672FE8500794613 /* 1.jpg in Resources */,
				F2DB39FB1672FE8500794613 /* 2.jpg in Resources */,
				F2DB39FC1672FE8500794613 /* 3.jpg in Resources */,
				F2CD5B6A1676EAEF00B627D4 /* pie-graph.png in Resources */,
				F2C542061676F7F900FA8BCC /* MonthChooserViewController.xib in Resources */,
			);
			runOnlyForDeploymentPostprocessing = 0;
		};
/* End PBXResourcesBuildPhase section */

/* Begin PBXSourcesBuildPhase section */
		F2E6ACD01671AC7D00573AA0 /* Sources */ = {
			isa = PBXSourcesBuildPhase;
			buildActionMask = 2147483647;
			files = (
				3BBC3AD71680274B00F41182 /* GraphViewController.m in Sources */,
				3BBC3AD61680273E00F41182 /* CPDStockPriceStore.m in Sources */,
				3BBC3AD51680273200F41182 /* CPDConstants.m in Sources */,
				3BBC3AD41680272400F41182 /* CatalogoGeograficoDAO.m in Sources */,
				3BBC3AD31680271800F41182 /* CatalogoSectoresDAO.m in Sources */,
				3BBC3AD2168026FE00F41182 /* ValorRazones.m in Sources */,
				3BBC3AD1168026F200F41182 /* CatalogoGeografico.m in Sources */,
				3BBC3AD0168026E800F41182 /* CatalogoSectores.m in Sources */,
				3BBC3ACF168026DB00F41182 /* CatalogoRazones.m in Sources */,
				3BBC3ACE168026D200F41182 /* CatalogoRazonesDAO.m in Sources */,
				3BBC3ACD168026C400F41182 /* CuentaPeriodo.m in Sources */,
				3BBC3ACC168026B900F41182 /* PrePopulate.m in Sources */,
				3BBC3ACB168026AD00F41182 /* CuentaPeriodoDAO.m in Sources */,
				3BBC3ACA168026A100F41182 /* EstudioDAO.m in Sources */,
				3BBC3AC91680269500F41182 /* Estudio.m in Sources */,
				3BBC3AC81680268900F41182 /* CSVProcessBL.m in Sources */,
				3BBC3AC71680267D00F41182 /* CatalogoCuentaDAO.m in Sources */,
				3BBC3AC61680266E00F41182 /* CatalogoCuentas.m in Sources */,
				3BBC3AC41680264C00F41182 /* NSString+ParsingExtensions.m in Sources */,
				F2E6ACE51671AC7D00573AA0 /* main.m in Sources */,
				F2E6ACE91671AC7D00573AA0 /* AppDelegate.m in Sources */,
				F28D9A071671C23C005467FD /* MainCollectionViewController.m in Sources */,
				F28D9A131671C394005467FD /* Razon.m in Sources */,
				F28D9A161671C3B8005467FD /* DetailViewController.m in Sources */,
				F28D9A191671CEA5005467FD /* RazonCell.m in Sources */,
				F2CBBE4A16755F490040F2F1 /* Bussines.m in Sources */,
				F2C542051676F7F900FA8BCC /* MonthChooserViewController.m in Sources */,
				3BD6C1BF16810B9800894731 /* FinanPort.xcdatamodeld in Sources */,
				3BD6C1C616824C1400894731 /* ExportManagerBL.m in Sources */,
			);
			runOnlyForDeploymentPostprocessing = 0;
		};
/* End PBXSourcesBuildPhase section */

/* Begin PBXVariantGroup section */
		F2E6ACE11671AC7D00573AA0 /* InfoPlist.strings */ = {
			isa = PBXVariantGroup;
			children = (
				F2E6ACE21671AC7D00573AA0 /* en */,
			);
			name = InfoPlist.strings;
			sourceTree = "<group>";
		};
		F2E6ACF01671AC7D00573AA0 /* MainStoryboard.storyboard */ = {
			isa = PBXVariantGroup;
			children = (
				F2E6ACF11671AC7D00573AA0 /* en */,
			);
			name = MainStoryboard.storyboard;
			sourceTree = "<group>";
		};
/* End PBXVariantGroup section */

/* Begin XCBuildConfiguration section */
		F2E6ACF61671AC7D00573AA0 /* Debug */ = {
			isa = XCBuildConfiguration;
			buildSettings = {
				ALWAYS_SEARCH_USER_PATHS = NO;
				CLANG_CXX_LANGUAGE_STANDARD = "gnu++0x";
				CLANG_CXX_LIBRARY = "libc++";
				CLANG_ENABLE_OBJC_ARC = YES;
				CLANG_WARN_EMPTY_BODY = YES;
				CLANG_WARN__DUPLICATE_METHOD_MATCH = YES;
				"CODE_SIGN_IDENTITY[sdk=iphoneos*]" = "iPhone Developer";
				COPY_PHASE_STRIP = NO;
				GCC_C_LANGUAGE_STANDARD = gnu99;
				GCC_DYNAMIC_NO_PIC = NO;
				GCC_OPTIMIZATION_LEVEL = 0;
				GCC_PREPROCESSOR_DEFINITIONS = (
					"DEBUG=1",
					"$(inherited)",
				);
				GCC_SYMBOLS_PRIVATE_EXTERN = NO;
				GCC_WARN_ABOUT_RETURN_TYPE = YES;
				GCC_WARN_UNINITIALIZED_AUTOS = YES;
				GCC_WARN_UNUSED_VARIABLE = YES;
				IPHONEOS_DEPLOYMENT_TARGET = 6.0;
				ONLY_ACTIVE_ARCH = YES;
				SDKROOT = iphoneos;
				TARGETED_DEVICE_FAMILY = 2;
			};
			name = Debug;
		};
		F2E6ACF71671AC7D00573AA0 /* Release */ = {
			isa = XCBuildConfiguration;
			buildSettings = {
				ALWAYS_SEARCH_USER_PATHS = NO;
				CLANG_CXX_LANGUAGE_STANDARD = "gnu++0x";
				CLANG_CXX_LIBRARY = "libc++";
				CLANG_ENABLE_OBJC_ARC = YES;
				CLANG_WARN_EMPTY_BODY = YES;
				CLANG_WARN__DUPLICATE_METHOD_MATCH = YES;
				"CODE_SIGN_IDENTITY[sdk=iphoneos*]" = "iPhone Developer";
				COPY_PHASE_STRIP = YES;
				GCC_C_LANGUAGE_STANDARD = gnu99;
				GCC_WARN_ABOUT_RETURN_TYPE = YES;
				GCC_WARN_UNINITIALIZED_AUTOS = YES;
				GCC_WARN_UNUSED_VARIABLE = YES;
				IPHONEOS_DEPLOYMENT_TARGET = 6.0;
				OTHER_CFLAGS = "-DNS_BLOCK_ASSERTIONS=1";
				SDKROOT = iphoneos;
				TARGETED_DEVICE_FAMILY = 2;
				VALIDATE_PRODUCT = YES;
			};
			name = Release;
		};
		F2E6ACF91671AC7D00573AA0 /* Debug */ = {
			isa = XCBuildConfiguration;
			buildSettings = {
				GCC_PRECOMPILE_PREFIX_HEADER = YES;
				GCC_PREFIX_HEADER = "FinanPort/FinanPort-Prefix.pch";
				INFOPLIST_FILE = "FinanPort/FinanPort-Info.plist";
				LIBRARY_SEARCH_PATHS = (
					"$(inherited)",
					"\"$(SRCROOT)/FinanPort\"",
				);
				PRODUCT_NAME = "$(TARGET_NAME)";
				WRAPPER_EXTENSION = app;
			};
			name = Debug;
		};
		F2E6ACFA1671AC7D00573AA0 /* Release */ = {
			isa = XCBuildConfiguration;
			buildSettings = {
				GCC_PRECOMPILE_PREFIX_HEADER = YES;
				GCC_PREFIX_HEADER = "FinanPort/FinanPort-Prefix.pch";
				INFOPLIST_FILE = "FinanPort/FinanPort-Info.plist";
				LIBRARY_SEARCH_PATHS = (
					"$(inherited)",
					"\"$(SRCROOT)/FinanPort\"",
				);
				PRODUCT_NAME = "$(TARGET_NAME)";
				WRAPPER_EXTENSION = app;
			};
			name = Release;
		};
/* End XCBuildConfiguration section */

/* Begin XCConfigurationList section */
		F2E6ACCE1671AC7D00573AA0 /* Build configuration list for PBXProject "FinanPort" */ = {
			isa = XCConfigurationList;
			buildConfigurations = (
				F2E6ACF61671AC7D00573AA0 /* Debug */,
				F2E6ACF71671AC7D00573AA0 /* Release */,
			);
			defaultConfigurationIsVisible = 0;
			defaultConfigurationName = Release;
		};
		F2E6ACF81671AC7D00573AA0 /* Build configuration list for PBXNativeTarget "FinanPort" */ = {
			isa = XCConfigurationList;
			buildConfigurations = (
				F2E6ACF91671AC7D00573AA0 /* Debug */,
				F2E6ACFA1671AC7D00573AA0 /* Release */,
			);
			defaultConfigurationIsVisible = 0;
			defaultConfigurationName = Release;
		};
/* End XCConfigurationList section */

/* Begin XCVersionGroup section */
		3BD6C1BD16810B9800894731 /* FinanPort.xcdatamodeld */ = {
			isa = XCVersionGroup;
			children = (
				3BD6C1BE16810B9800894731 /* FinanPort.xcdatamodel */,
			);
			currentVersion = 3BD6C1BE16810B9800894731 /* FinanPort.xcdatamodel */;
			path = FinanPort.xcdatamodeld;
			sourceTree = "<group>";
			versionGroupType = wrapper.xcdatamodel;
		};
/* End XCVersionGroup section */
	};
	rootObject = F2E6ACCB1671AC7D00573AA0 /* Project object */;
}
